
Microsoft Visual Studio Solution File, Format Version 12.00
# Visual Studio Version 17
VisualStudioVersion = 17.0.31903.59
MinimumVisualStudioVersion = 10.0.40219.1
Project("{FAE04EC0-301F-11D3-BF4B-00C04F79EFBC}") = "BuildingBlocks", "BuildingBlocks\BuildingBlocks.csproj", "{1CAE4B72-1082-456A-91B5-415AF9FE8C60}"
EndProject
Project("{FAE04EC0-301F-11D3-BF4B-00C04F79EFBC}") = "BuildingBlocks.UnitTests", "BuildingBlocks.UnitTests\BuildingBlocks.UnitTests.csproj", "{28B04380-B360-45C1-99B3-F9F6B8647ECB}"
EndProject
Global
	GlobalSection(SolutionConfigurationPlatforms) = preSolution
		Debug|Any CPU = Debug|Any CPU
		Release|Any CPU = Release|Any CPU
	EndGlobalSection
	GlobalSection(ProjectConfigurationPlatforms) = postSolution
		{1CAE4B72-1082-456A-91B5-415AF9FE8C60}.Debug|Any CPU.ActiveCfg = Debug|Any CPU
		{1CAE4B72-1082-456A-91B5-415AF9FE8C60}.Debug|Any CPU.Build.0 = Debug|Any CPU
		{1CAE4B72-1082-456A-91B5-415AF9FE8C60}.Release|Any CPU.ActiveCfg = Release|Any CPU
		{1CAE4B72-1082-456A-91B5-415AF9FE8C60}.Release|Any CPU.Build.0 = Release|Any CPU
		{28B04380-B360-45C1-99B3-F9F6B8647ECB}.Debug|Any CPU.ActiveCfg = Debug|Any CPU
		{28B04380-B360-45C1-99B3-F9F6B8647ECB}.Debug|Any CPU.Build.0 = Debug|Any CPU
		{28B04380-B360-45C1-99B3-F9F6B8647ECB}.Release|Any CPU.ActiveCfg = Release|Any CPU
		{28B04380-B360-45C1-99B3-F9F6B8647ECB}.Release|Any CPU.Build.0 = Release|Any CPU
	EndGlobalSection
	GlobalSection(SolutionProperties) = preSolution
		HideSolutionNode = FALSE
	EndGlobalSection
EndGlobal
